// !$*UTF8*$!
{
	archiveVersion = 1;
	classes = {
	};
	objectVersion = 77;
	objects = {

/* Begin PBXBuildFile section */
		B339AC822D1F2E45001EA7F8 /* TestingTags in Frameworks */ = {isa = PBXBuildFile; productRef = B339AC812D1F2E45001EA7F8 /* TestingTags */; };
		B341EEB92D158FC600860CC6 /* TajaMemory in Frameworks */ = {isa = PBXBuildFile; productRef = B341EEB82D158FC600860CC6 /* TajaMemory */; };
		B341EEBC2D158FD600860CC6 /* TajaMemoryUIComponents in Frameworks */ = {isa = PBXBuildFile; productRef = B341EEBB2D158FD600860CC6 /* TajaMemoryUIComponents */; };
/* End PBXBuildFile section */

/* Begin PBXContainerItemProxy section */
		B341EC122D15679900860CC6 /* PBXContainerItemProxy */ = {
			isa = PBXContainerItemProxy;
			containerPortal = B341EBF82D15679500860CC6 /* Project object */;
			proxyType = 1;
			remoteGlobalIDString = B341EBFF2D15679500860CC6;
			remoteInfo = Taja;
		};
		B341EC1C2D15679900860CC6 /* PBXContainerItemProxy */ = {
			isa = PBXContainerItemProxy;
			containerPortal = B341EBF82D15679500860CC6 /* Project object */;
			proxyType = 1;
			remoteGlobalIDString = B341EBFF2D15679500860CC6;
			remoteInfo = Taja;
		};
/* End PBXContainerItemProxy section */

/* Begin PBXFileReference section */
		B341EC002D15679500860CC6 /* Taja.app */ = {isa = PBXFileReference; explicitFileType = wrapper.application; includeInIndex = 0; path = Taja.app; sourceTree = BUILT_PRODUCTS_DIR; };
		B341EC112D15679900860CC6 /* TajaTests.xctest */ = {isa = PBXFileReference; explicitFileType = wrapper.cfbundle; includeInIndex = 0; path = TajaTests.xctest; sourceTree = BUILT_PRODUCTS_DIR; };
		B341EC1B2D15679900860CC6 /* TajaUITests.xctest */ = {isa = PBXFileReference; explicitFileType = wrapper.cfbundle; includeInIndex = 0; path = TajaUITests.xctest; sourceTree = BUILT_PRODUCTS_DIR; };
		B341EEBD2D1594B900860CC6 /* Worklog.md */ = {isa = PBXFileReference; lastKnownFileType = net.daringfireball.markdown; path = Worklog.md; sourceTree = "<group>"; };
/* End PBXFileReference section */

/* Begin PBXFileSystemSynchronizedBuildFileExceptionSet section */
		B341EEB12D158B7100860CC6 /* Exceptions for "Tests" folder in "Taja" target */ = {
			isa = PBXFileSystemSynchronizedBuildFileExceptionSet;
			membershipExceptions = (
				TajaTests/CardGeneratorTests.swift,
				TajaTests/PhotoAssetsTests.swift,
				TajaUITests/TajaUITests.swift,
			);
			target = B341EBFF2D15679500860CC6 /* Taja */;
		};
		B341EEB32D158B7100860CC6 /* Exceptions for "Tests" folder in "TajaUITests" target */ = {
			isa = PBXFileSystemSynchronizedBuildFileExceptionSet;
			membershipExceptions = (
				TajaUITests/TajaUITests.swift,
			);
			target = B341EC1A2D15679900860CC6 /* TajaUITests */;
		};
		B3558C342D1D5636002D6E9D /* Exceptions for "Tests" folder in "TajaTests" target */ = {
			isa = PBXFileSystemSynchronizedBuildFileExceptionSet;
			membershipExceptions = (
				TajaTests/CardGeneratorTests.swift,
				TajaTests/PhotoAssetsTests.swift,
			);
			target = B341EC102D15679900860CC6 /* TajaTests */;
		};
/* End PBXFileSystemSynchronizedBuildFileExceptionSet section */

/* Begin PBXFileSystemSynchronizedRootGroup section */
		B339AC742D1F1481001EA7F8 /* Resources */ = {
			isa = PBXFileSystemSynchronizedRootGroup;
			path = Resources;
			sourceTree = "<group>";
		};
		B341EC022D15679500860CC6 /* Sources */ = {
			isa = PBXFileSystemSynchronizedRootGroup;
			path = Sources;
			sourceTree = "<group>";
		};
		B341EEA82D158B6C00860CC6 /* Tests */ = {
			isa = PBXFileSystemSynchronizedRootGroup;
			exceptions = (
				B341EEB12D158B7100860CC6 /* Exceptions for "Tests" folder in "Taja" target */,
				B3558C342D1D5636002D6E9D /* Exceptions for "Tests" folder in "TajaTests" target */,
				B341EEB32D158B7100860CC6 /* Exceptions for "Tests" folder in "TajaUITests" target */,
			);
			path = Tests;
			sourceTree = "<group>";
		};
		B341EEC22D15B04200860CC6 /* TestPlans */ = {
			isa = PBXFileSystemSynchronizedRootGroup;
			path = TestPlans;
			sourceTree = "<group>";
		};
		B3A21DEB2D1869E6006EBD82 /* Packages */ = {
			isa = PBXFileSystemSynchronizedRootGroup;
			path = Packages;
			sourceTree = "<group>";
		};
/* End PBXFileSystemSynchronizedRootGroup section */

/* Begin PBXFrameworksBuildPhase section */
		B341EBFD2D15679500860CC6 /* Frameworks */ = {
			isa = PBXFrameworksBuildPhase;
			buildActionMask = 2147483647;
			files = (
				B341EEB92D158FC600860CC6 /* TajaMemory in Frameworks */,
				B341EEBC2D158FD600860CC6 /* TajaMemoryUIComponents in Frameworks */,
			);
			runOnlyForDeploymentPostprocessing = 0;
		};
		B341EC0E2D15679900860CC6 /* Frameworks */ = {
			isa = PBXFrameworksBuildPhase;
			buildActionMask = 2147483647;
			files = (
				B339AC822D1F2E45001EA7F8 /* TestingTags in Frameworks */,
			);
			runOnlyForDeploymentPostprocessing = 0;
		};
		B341EC182D15679900860CC6 /* Frameworks */ = {
			isa = PBXFrameworksBuildPhase;
			buildActionMask = 2147483647;
			files = (
			);
			runOnlyForDeploymentPostprocessing = 0;
		};
/* End PBXFrameworksBuildPhase section */

/* Begin PBXGroup section */
		B341EBF72D15679500860CC6 = {
			isa = PBXGroup;
			children = (
				B3A21DEB2D1869E6006EBD82 /* Packages */,
				B341EEC22D15B04200860CC6 /* TestPlans */,
				B341EEBD2D1594B900860CC6 /* Worklog.md */,
				B341EC022D15679500860CC6 /* Sources */,
				B341EEA82D158B6C00860CC6 /* Tests */,
				B341EC012D15679500860CC6 /* Products */,
				B339AC742D1F1481001EA7F8 /* Resources */,
			);
			sourceTree = "<group>";
		};
		B341EC012D15679500860CC6 /* Products */ = {
			isa = PBXGroup;
			children = (
				B341EC002D15679500860CC6 /* Taja.app */,
				B341EC112D15679900860CC6 /* TajaTests.xctest */,
				B341EC1B2D15679900860CC6 /* TajaUITests.xctest */,
			);
			name = Products;
			sourceTree = "<group>";
		};
/* End PBXGroup section */

/* Begin PBXNativeTarget section */
		B341EBFF2D15679500860CC6 /* Taja */ = {
			isa = PBXNativeTarget;
			buildConfigurationList = B341EC252D15679900860CC6 /* Build configuration list for PBXNativeTarget "Taja" */;
			buildPhases = (
				B341EBFC2D15679500860CC6 /* Sources */,
				B341EBFD2D15679500860CC6 /* Frameworks */,
				B341EBFE2D15679500860CC6 /* Resources */,
			);
			buildRules = (
			);
			dependencies = (
			);
			fileSystemSynchronizedGroups = (
				B339AC742D1F1481001EA7F8 /* Resources */,
				B341EC022D15679500860CC6 /* Sources */,
				B341EEA82D158B6C00860CC6 /* Tests */,
				B341EEC22D15B04200860CC6 /* TestPlans */,
			);
			name = Taja;
			packageProductDependencies = (
				B341EEB82D158FC600860CC6 /* TajaMemory */,
				B341EEBB2D158FD600860CC6 /* TajaMemoryUIComponents */,
			);
			productName = Taja;
			productReference = B341EC002D15679500860CC6 /* Taja.app */;
			productType = "com.apple.product-type.application";
		};
		B341EC102D15679900860CC6 /* TajaTests */ = {
			isa = PBXNativeTarget;
			buildConfigurationList = B341EC282D15679900860CC6 /* Build configuration list for PBXNativeTarget "TajaTests" */;
			buildPhases = (
				B341EC0D2D15679900860CC6 /* Sources */,
				B341EC0E2D15679900860CC6 /* Frameworks */,
				B341EC0F2D15679900860CC6 /* Resources */,
			);
			buildRules = (
			);
			dependencies = (
				B341EC132D15679900860CC6 /* PBXTargetDependency */,
			);
			name = TajaTests;
			packageProductDependencies = (
				B339AC812D1F2E45001EA7F8 /* TestingTags */,
			);
			productName = TajaTests;
			productReference = B341EC112D15679900860CC6 /* TajaTests.xctest */;
			productType = "com.apple.product-type.bundle.unit-test";
		};
		B341EC1A2D15679900860CC6 /* TajaUITests */ = {
			isa = PBXNativeTarget;
			buildConfigurationList = B341EC2B2D15679900860CC6 /* Build configuration list for PBXNativeTarget "TajaUITests" */;
			buildPhases = (
				B341EC172D15679900860CC6 /* Sources */,
				B341EC182D15679900860CC6 /* Frameworks */,
				B341EC192D15679900860CC6 /* Resources */,
			);
			buildRules = (
			);
			dependencies = (
				B341EC1D2D15679900860CC6 /* PBXTargetDependency */,
			);
			name = TajaUITests;
			packageProductDependencies = (
			);
			productName = TajaUITests;
			productReference = B341EC1B2D15679900860CC6 /* TajaUITests.xctest */;
			productType = "com.apple.product-type.bundle.ui-testing";
		};
/* End PBXNativeTarget section */

/* Begin PBXProject section */
		B341EBF82D15679500860CC6 /* Project object */ = {
			isa = PBXProject;
			attributes = {
				BuildIndependentTargetsInParallel = 1;
				LastSwiftUpdateCheck = 1620;
				LastUpgradeCheck = 1620;
				TargetAttributes = {
					B341EBFF2D15679500860CC6 = {
						CreatedOnToolsVersion = 16.2;
					};
					B341EC102D15679900860CC6 = {
						CreatedOnToolsVersion = 16.2;
						LastSwiftMigration = 1620;
						TestTargetID = B341EBFF2D15679500860CC6;
					};
					B341EC1A2D15679900860CC6 = {
						CreatedOnToolsVersion = 16.2;
						TestTargetID = B341EBFF2D15679500860CC6;
					};
				};
			};
			buildConfigurationList = B341EBFB2D15679500860CC6 /* Build configuration list for PBXProject "Taja" */;
			developmentRegion = en;
			hasScannedForEncodings = 0;
			knownRegions = (
				en,
				Base,
				de,
			);
			mainGroup = B341EBF72D15679500860CC6;
			minimizedProjectReferenceProxies = 1;
			packageReferences = (
				B341EEBA2D158FD600860CC6 /* XCLocalSwiftPackageReference "Packages/TajaMemoryUIComponents" */,
				B339AC802D1F2E45001EA7F8 /* XCLocalSwiftPackageReference "Packages/TestingTags" */,
			);
			preferredProjectObjectVersion = 77;
			productRefGroup = B341EC012D15679500860CC6 /* Products */;
			projectDirPath = "";
			projectRoot = "";
			targets = (
				B341EBFF2D15679500860CC6 /* Taja */,
				B341EC102D15679900860CC6 /* TajaTests */,
				B341EC1A2D15679900860CC6 /* TajaUITests */,
			);
		};
/* End PBXProject section */

/* Begin PBXResourcesBuildPhase section */
		B341EBFE2D15679500860CC6 /* Resources */ = {
			isa = PBXResourcesBuildPhase;
			buildActionMask = 2147483647;
			files = (
			);
			runOnlyForDeploymentPostprocessing = 0;
		};
		B341EC0F2D15679900860CC6 /* Resources */ = {
			isa = PBXResourcesBuildPhase;
			buildActionMask = 2147483647;
			files = (
			);
			runOnlyForDeploymentPostprocessing = 0;
		};
		B341EC192D15679900860CC6 /* Resources */ = {
			isa = PBXResourcesBuildPhase;
			buildActionMask = 2147483647;
			files = (
			);
			runOnlyForDeploymentPostprocessing = 0;
		};
/* End PBXResourcesBuildPhase section */

/* Begin PBXSourcesBuildPhase section */
		B341EBFC2D15679500860CC6 /* Sources */ = {
			isa = PBXSourcesBuildPhase;
			buildActionMask = 2147483647;
			files = (
			);
			runOnlyForDeploymentPostprocessing = 0;
		};
		B341EC0D2D15679900860CC6 /* Sources */ = {
			isa = PBXSourcesBuildPhase;
			buildActionMask = 2147483647;
			files = (
			);
			runOnlyForDeploymentPostprocessing = 0;
		};
		B341EC172D15679900860CC6 /* Sources */ = {
			isa = PBXSourcesBuildPhase;
			buildActionMask = 2147483647;
			files = (
			);
			runOnlyForDeploymentPostprocessing = 0;
		};
/* End PBXSourcesBuildPhase section */

/* Begin PBXTargetDependency section */
		B341EC132D15679900860CC6 /* PBXTargetDependency */ = {
			isa = PBXTargetDependency;
			target = B341EBFF2D15679500860CC6 /* Taja */;
			targetProxy = B341EC122D15679900860CC6 /* PBXContainerItemProxy */;
		};
		B341EC1D2D15679900860CC6 /* PBXTargetDependency */ = {
			isa = PBXTargetDependency;
			target = B341EBFF2D15679500860CC6 /* Taja */;
			targetProxy = B341EC1C2D15679900860CC6 /* PBXContainerItemProxy */;
		};
/* End PBXTargetDependency section */

/* Begin XCBuildConfiguration section */
		B341EC232D15679900860CC6 /* Debug */ = {
			isa = XCBuildConfiguration;
			buildSettings = {
				ALWAYS_SEARCH_USER_PATHS = NO;
				ASSETCATALOG_COMPILER_GENERATE_SWIFT_ASSET_SYMBOL_EXTENSIONS = YES;
				CLANG_ANALYZER_NONNULL = YES;
				CLANG_ANALYZER_NUMBER_OBJECT_CONVERSION = YES_AGGRESSIVE;
				CLANG_CXX_LANGUAGE_STANDARD = "gnu++20";
				CLANG_ENABLE_MODULES = YES;
				CLANG_ENABLE_OBJC_ARC = YES;
				CLANG_ENABLE_OBJC_WEAK = YES;
				CLANG_WARN_BLOCK_CAPTURE_AUTORELEASING = YES;
				CLANG_WARN_BOOL_CONVERSION = YES;
				CLANG_WARN_COMMA = YES;
				CLANG_WARN_CONSTANT_CONVERSION = YES;
				CLANG_WARN_DEPRECATED_OBJC_IMPLEMENTATIONS = YES;
				CLANG_WARN_DIRECT_OBJC_ISA_USAGE = YES_ERROR;
				CLANG_WARN_DOCUMENTATION_COMMENTS = YES;
				CLANG_WARN_EMPTY_BODY = YES;
				CLANG_WARN_ENUM_CONVERSION = YES;
				CLANG_WARN_INFINITE_RECURSION = YES;
				CLANG_WARN_INT_CONVERSION = YES;
				CLANG_WARN_NON_LITERAL_NULL_CONVERSION = YES;
				CLANG_WARN_OBJC_IMPLICIT_RETAIN_SELF = YES;
				CLANG_WARN_OBJC_LITERAL_CONVERSION = YES;
				CLANG_WARN_OBJC_ROOT_CLASS = YES_ERROR;
				CLANG_WARN_QUOTED_INCLUDE_IN_FRAMEWORK_HEADER = YES;
				CLANG_WARN_RANGE_LOOP_ANALYSIS = YES;
				CLANG_WARN_STRICT_PROTOTYPES = YES;
				CLANG_WARN_SUSPICIOUS_MOVE = YES;
				CLANG_WARN_UNGUARDED_AVAILABILITY = YES_AGGRESSIVE;
				CLANG_WARN_UNREACHABLE_CODE = YES;
				CLANG_WARN__DUPLICATE_METHOD_MATCH = YES;
				COPY_PHASE_STRIP = NO;
				DEBUG_INFORMATION_FORMAT = dwarf;
				ENABLE_STRICT_OBJC_MSGSEND = YES;
				ENABLE_TESTABILITY = YES;
				ENABLE_USER_SCRIPT_SANDBOXING = YES;
				GCC_C_LANGUAGE_STANDARD = gnu17;
				GCC_DYNAMIC_NO_PIC = NO;
				GCC_NO_COMMON_BLOCKS = YES;
				GCC_OPTIMIZATION_LEVEL = 0;
				GCC_PREPROCESSOR_DEFINITIONS = (
					"DEBUG=1",
					"$(inherited)",
				);
				GCC_WARN_64_TO_32_BIT_CONVERSION = YES;
				GCC_WARN_ABOUT_RETURN_TYPE = YES_ERROR;
				GCC_WARN_UNDECLARED_SELECTOR = YES;
				GCC_WARN_UNINITIALIZED_AUTOS = YES_AGGRESSIVE;
				GCC_WARN_UNUSED_FUNCTION = YES;
				GCC_WARN_UNUSED_VARIABLE = YES;
				IPHONEOS_DEPLOYMENT_TARGET = 16.6;
				LOCALIZATION_PREFERS_STRING_CATALOGS = YES;
				MTL_ENABLE_DEBUG_INFO = INCLUDE_SOURCE;
				MTL_FAST_MATH = YES;
				ONLY_ACTIVE_ARCH = YES;
				SDKROOT = iphoneos;
				SWIFT_ACTIVE_COMPILATION_CONDITIONS = "DEBUG $(inherited)";
				SWIFT_EMIT_LOC_STRINGS = YES;
				SWIFT_OPTIMIZATION_LEVEL = "-Onone";
				SWIFT_VERSION = 6.0;
			};
			name = Debug;
		};
		B341EC242D15679900860CC6 /* Release */ = {
			isa = XCBuildConfiguration;
			buildSettings = {
				ALWAYS_SEARCH_USER_PATHS = NO;
				ASSETCATALOG_COMPILER_GENERATE_SWIFT_ASSET_SYMBOL_EXTENSIONS = YES;
				CLANG_ANALYZER_NONNULL = YES;
				CLANG_ANALYZER_NUMBER_OBJECT_CONVERSION = YES_AGGRESSIVE;
				CLANG_CXX_LANGUAGE_STANDARD = "gnu++20";
				CLANG_ENABLE_MODULES = YES;
				CLANG_ENABLE_OBJC_ARC = YES;
				CLANG_ENABLE_OBJC_WEAK = YES;
				CLANG_WARN_BLOCK_CAPTURE_AUTORELEASING = YES;
				CLANG_WARN_BOOL_CONVERSION = YES;
				CLANG_WARN_COMMA = YES;
				CLANG_WARN_CONSTANT_CONVERSION = YES;
				CLANG_WARN_DEPRECATED_OBJC_IMPLEMENTATIONS = YES;
				CLANG_WARN_DIRECT_OBJC_ISA_USAGE = YES_ERROR;
				CLANG_WARN_DOCUMENTATION_COMMENTS = YES;
				CLANG_WARN_EMPTY_BODY = YES;
				CLANG_WARN_ENUM_CONVERSION = YES;
				CLANG_WARN_INFINITE_RECURSION = YES;
				CLANG_WARN_INT_CONVERSION = YES;
				CLANG_WARN_NON_LITERAL_NULL_CONVERSION = YES;
				CLANG_WARN_OBJC_IMPLICIT_RETAIN_SELF = YES;
				CLANG_WARN_OBJC_LITERAL_CONVERSION = YES;
				CLANG_WARN_OBJC_ROOT_CLASS = YES_ERROR;
				CLANG_WARN_QUOTED_INCLUDE_IN_FRAMEWORK_HEADER = YES;
				CLANG_WARN_RANGE_LOOP_ANALYSIS = YES;
				CLANG_WARN_STRICT_PROTOTYPES = YES;
				CLANG_WARN_SUSPICIOUS_MOVE = YES;
				CLANG_WARN_UNGUARDED_AVAILABILITY = YES_AGGRESSIVE;
				CLANG_WARN_UNREACHABLE_CODE = YES;
				CLANG_WARN__DUPLICATE_METHOD_MATCH = YES;
				COPY_PHASE_STRIP = NO;
				DEBUG_INFORMATION_FORMAT = "dwarf-with-dsym";
				ENABLE_NS_ASSERTIONS = NO;
				ENABLE_STRICT_OBJC_MSGSEND = YES;
				ENABLE_USER_SCRIPT_SANDBOXING = YES;
				GCC_C_LANGUAGE_STANDARD = gnu17;
				GCC_NO_COMMON_BLOCKS = YES;
				GCC_WARN_64_TO_32_BIT_CONVERSION = YES;
				GCC_WARN_ABOUT_RETURN_TYPE = YES_ERROR;
				GCC_WARN_UNDECLARED_SELECTOR = YES;
				GCC_WARN_UNINITIALIZED_AUTOS = YES_AGGRESSIVE;
				GCC_WARN_UNUSED_FUNCTION = YES;
				GCC_WARN_UNUSED_VARIABLE = YES;
				IPHONEOS_DEPLOYMENT_TARGET = 16.6;
				LOCALIZATION_PREFERS_STRING_CATALOGS = YES;
				MTL_ENABLE_DEBUG_INFO = NO;
				MTL_FAST_MATH = YES;
				SDKROOT = iphoneos;
				SWIFT_COMPILATION_MODE = wholemodule;
				SWIFT_EMIT_LOC_STRINGS = YES;
				SWIFT_VERSION = 6.0;
			};
			name = Release;
		};
		B341EC262D15679900860CC6 /* Debug */ = {
			isa = XCBuildConfiguration;
			buildSettings = {
				ASSETCATALOG_COMPILER_APPICON_NAME = AppIcon;
				ASSETCATALOG_COMPILER_GLOBAL_ACCENT_COLOR_NAME = AccentColor;
				ASSETCATALOG_COMPILER_INCLUDE_ALL_APPICON_ASSETS = NO;
				CODE_SIGN_ENTITLEMENTS = Resources/Taja.entitlements;
				CODE_SIGN_STYLE = Automatic;
				COMBINE_HIDPI_IMAGES = YES;
				CURRENT_PROJECT_VERSION = 1;
				DEVELOPMENT_ASSET_PATHS = "\"Resources/Preview Content\"";
				DEVELOPMENT_TEAM = D5QKU6QD59;
				ENABLE_HARDENED_RUNTIME = YES;
				ENABLE_PREVIEWS = YES;
				GENERATE_INFOPLIST_FILE = YES;
				INFOPLIST_KEY_CFBundleDisplayName = "TaJa Games";
				INFOPLIST_KEY_LSApplicationCategoryType = "public.app-category.educational-games";
				INFOPLIST_KEY_NSHumanReadableCopyright = "";
				INFOPLIST_KEY_UIRequiresFullScreen = YES;
				INFOPLIST_KEY_UISupportedInterfaceOrientations_iPad = "UIInterfaceOrientationLandscapeLeft UIInterfaceOrientationLandscapeRight UIInterfaceOrientationPortrait";
				IPHONEOS_DEPLOYMENT_TARGET = 16.6;
				LD_RUNPATH_SEARCH_PATHS = (
					"$(inherited)",
					"@executable_path/../Frameworks",
				);
				MARKETING_VERSION = 1.0;
				PRODUCT_BUNDLE_IDENTIFIER = "de.angu-software.Taja";
				PRODUCT_NAME = "$(TARGET_NAME)";
				SUPPORTED_PLATFORMS = "iphoneos iphonesimulator";
				SUPPORTS_MACCATALYST = NO;
				SUPPORTS_MAC_DESIGNED_FOR_IPHONE_IPAD = NO;
				SUPPORTS_XR_DESIGNED_FOR_IPHONE_IPAD = NO;
				SWIFT_EMIT_LOC_STRINGS = YES;
				TARGETED_DEVICE_FAMILY = 2;
			};
			name = Debug;
		};
		B341EC272D15679900860CC6 /* Release */ = {
			isa = XCBuildConfiguration;
			buildSettings = {
				ASSETCATALOG_COMPILER_APPICON_NAME = AppIcon;
				ASSETCATALOG_COMPILER_GLOBAL_ACCENT_COLOR_NAME = AccentColor;
				ASSETCATALOG_COMPILER_INCLUDE_ALL_APPICON_ASSETS = NO;
				CODE_SIGN_ENTITLEMENTS = Resources/Taja.entitlements;
				CODE_SIGN_STYLE = Automatic;
				COMBINE_HIDPI_IMAGES = YES;
				CURRENT_PROJECT_VERSION = 1;
				DEVELOPMENT_ASSET_PATHS = "\"Resources/Preview Content\"";
				DEVELOPMENT_TEAM = D5QKU6QD59;
				ENABLE_HARDENED_RUNTIME = YES;
				ENABLE_PREVIEWS = YES;
				GENERATE_INFOPLIST_FILE = YES;
				INFOPLIST_KEY_CFBundleDisplayName = "TaJa Games";
				INFOPLIST_KEY_LSApplicationCategoryType = "public.app-category.educational-games";
				INFOPLIST_KEY_NSHumanReadableCopyright = "";
				INFOPLIST_KEY_UIRequiresFullScreen = YES;
				INFOPLIST_KEY_UISupportedInterfaceOrientations_iPad = "UIInterfaceOrientationLandscapeLeft UIInterfaceOrientationLandscapeRight UIInterfaceOrientationPortrait";
				IPHONEOS_DEPLOYMENT_TARGET = 16.6;
				LD_RUNPATH_SEARCH_PATHS = (
					"$(inherited)",
					"@executable_path/../Frameworks",
				);
				MARKETING_VERSION = 1.0;
				PRODUCT_BUNDLE_IDENTIFIER = "de.angu-software.Taja";
				PRODUCT_NAME = "$(TARGET_NAME)";
				SUPPORTED_PLATFORMS = "iphoneos iphonesimulator";
				SUPPORTS_MACCATALYST = NO;
				SUPPORTS_MAC_DESIGNED_FOR_IPHONE_IPAD = NO;
				SUPPORTS_XR_DESIGNED_FOR_IPHONE_IPAD = NO;
				SWIFT_EMIT_LOC_STRINGS = YES;
				TARGETED_DEVICE_FAMILY = 2;
			};
			name = Release;
		};
		B341EC292D15679900860CC6 /* Debug */ = {
			isa = XCBuildConfiguration;
			buildSettings = {
				BUNDLE_LOADER = "$(TEST_HOST)";
				CLANG_ENABLE_MODULES = YES;
				CODE_SIGN_STYLE = Automatic;
				CURRENT_PROJECT_VERSION = 1;
				DEVELOPMENT_TEAM = 94RX8Q59P5;
				GENERATE_INFOPLIST_FILE = YES;
				MACOSX_DEPLOYMENT_TARGET = 14.7;
				MARKETING_VERSION = 1.0;
				PRODUCT_BUNDLE_IDENTIFIER = "de.angu-software.TajaTests";
				PRODUCT_NAME = "$(TARGET_NAME)";
				SUPPORTED_PLATFORMS = "iphoneos iphonesimulator";
				SUPPORTS_MACCATALYST = NO;
				SWIFT_EMIT_LOC_STRINGS = NO;
				SWIFT_OPTIMIZATION_LEVEL = "-Onone";
				TARGETED_DEVICE_FAMILY = 2;
				TEST_HOST = "$(BUILT_PRODUCTS_DIR)/Taja.app/$(BUNDLE_EXECUTABLE_FOLDER_PATH)/Taja";
			};
			name = Debug;
		};
		B341EC2A2D15679900860CC6 /* Release */ = {
			isa = XCBuildConfiguration;
			buildSettings = {
				BUNDLE_LOADER = "$(TEST_HOST)";
				CLANG_ENABLE_MODULES = YES;
				CODE_SIGN_STYLE = Automatic;
				CURRENT_PROJECT_VERSION = 1;
				DEVELOPMENT_TEAM = 94RX8Q59P5;
				GENERATE_INFOPLIST_FILE = YES;
				MACOSX_DEPLOYMENT_TARGET = 14.7;
				MARKETING_VERSION = 1.0;
				PRODUCT_BUNDLE_IDENTIFIER = "de.angu-software.TajaTests";
				PRODUCT_NAME = "$(TARGET_NAME)";
				SUPPORTED_PLATFORMS = "iphoneos iphonesimulator";
				SUPPORTS_MACCATALYST = NO;
				SWIFT_EMIT_LOC_STRINGS = NO;
				TARGETED_DEVICE_FAMILY = 2;
				TEST_HOST = "$(BUILT_PRODUCTS_DIR)/Taja.app/$(BUNDLE_EXECUTABLE_FOLDER_PATH)/Taja";
			};
			name = Release;
		};
		B341EC2C2D15679900860CC6 /* Debug */ = {
			isa = XCBuildConfiguration;
			buildSettings = {
				CODE_SIGN_STYLE = Automatic;
				CURRENT_PROJECT_VERSION = 1;
				DEVELOPMENT_TEAM = 94RX8Q59P5;
				GENERATE_INFOPLIST_FILE = YES;
				MARKETING_VERSION = 1.0;
				PRODUCT_BUNDLE_IDENTIFIER = "de.angu-software.TajaUITests";
				PRODUCT_NAME = "$(TARGET_NAME)";
				SUPPORTED_PLATFORMS = "iphoneos iphonesimulator";
				SUPPORTS_MACCATALYST = NO;
				SWIFT_EMIT_LOC_STRINGS = NO;
				TARGETED_DEVICE_FAMILY = 2;
				TEST_TARGET_NAME = Taja;
			};
			name = Debug;
		};
		B341EC2D2D15679900860CC6 /* Release */ = {
			isa = XCBuildConfiguration;
			buildSettings = {
				CODE_SIGN_STYLE = Automatic;
				CURRENT_PROJECT_VERSION = 1;
				DEVELOPMENT_TEAM = 94RX8Q59P5;
				GENERATE_INFOPLIST_FILE = YES;
				MARKETING_VERSION = 1.0;
				PRODUCT_BUNDLE_IDENTIFIER = "de.angu-software.TajaUITests";
				PRODUCT_NAME = "$(TARGET_NAME)";
				SUPPORTED_PLATFORMS = "iphoneos iphonesimulator";
				SUPPORTS_MACCATALYST = NO;
				SWIFT_EMIT_LOC_STRINGS = NO;
				TARGETED_DEVICE_FAMILY = 2;
				TEST_TARGET_NAME = Taja;
			};
			name = Release;
		};
/* End XCBuildConfiguration section */

/* Begin XCConfigurationList section */
		B341EBFB2D15679500860CC6 /* Build configuration list for PBXProject "Taja" */ = {
			isa = XCConfigurationList;
			buildConfigurations = (
				B341EC232D15679900860CC6 /* Debug */,
				B341EC242D15679900860CC6 /* Release */,
			);
			defaultConfigurationIsVisible = 0;
			defaultConfigurationName = Release;
		};
		B341EC252D15679900860CC6 /* Build configuration list for PBXNativeTarget "Taja" */ = {
			isa = XCConfigurationList;
			buildConfigurations = (
				B341EC262D15679900860CC6 /* Debug */,
				B341EC272D15679900860CC6 /* Release */,
			);
			defaultConfigurationIsVisible = 0;
			defaultConfigurationName = Release;
		};
		B341EC282D15679900860CC6 /* Build configuration list for PBXNativeTarget "TajaTests" */ = {
			isa = XCConfigurationList;
			buildConfigurations = (
				B341EC292D15679900860CC6 /* Debug */,
				B341EC2A2D15679900860CC6 /* Release */,
			);
			defaultConfigurationIsVisible = 0;
			defaultConfigurationName = Release;
		};
		B341EC2B2D15679900860CC6 /* Build configuration list for PBXNativeTarget "TajaUITests" */ = {
			isa = XCConfigurationList;
			buildConfigurations = (
				B341EC2C2D15679900860CC6 /* Debug */,
				B341EC2D2D15679900860CC6 /* Release */,
			);
			defaultConfigurationIsVisible = 0;
			defaultConfigurationName = Release;
		};
/* End XCConfigurationList section */

/* Begin XCLocalSwiftPackageReference section */
		B339AC802D1F2E45001EA7F8 /* XCLocalSwiftPackageReference "Packages/TestingTags" */ = {
			isa = XCLocalSwiftPackageReference;
			relativePath = Packages/TestingTags;
		};
		B341EEBA2D158FD600860CC6 /* XCLocalSwiftPackageReference "Packages/TajaMemoryUIComponents" */ = {
			isa = XCLocalSwiftPackageReference;
			relativePath = Packages/TajaMemoryUIComponents;
		};
/* End XCLocalSwiftPackageReference section */

/* Begin XCSwiftPackageProductDependency section */
		B339AC812D1F2E45001EA7F8 /* TestingTags */ = {
			isa = XCSwiftPackageProductDependency;
			productName = TestingTags;
		};
		B341EEB82D158FC600860CC6 /* TajaMemory */ = {
			isa = XCSwiftPackageProductDependency;
			productName = TajaMemory;
		};
		B341EEBB2D158FD600860CC6 /* TajaMemoryUIComponents */ = {
			isa = XCSwiftPackageProductDependency;
			productName = TajaMemoryUIComponents;
		};
/* End XCSwiftPackageProductDependency section */
	};
	rootObject = B341EBF82D15679500860CC6 /* Project object */;
}
